{
  "requires": true,
  "lockfileVersion": 1,
  "dependencies": {
    "angular": {
      "version": "1.7.8",
      "resolved": "https://registry.npmjs.org/angular/-/angular-1.7.8.tgz",
      "integrity": "sha512-wtef/y4COxM7ZVhddd7JtAAhyYObq9YXKar9tsW7558BImeVYteJiTxCKeJOL45lJ/+7B4wrAC49j8gTFYEthg=="
    },
    "angular-chartist.js": {
      "version": "5.0.0-beta.2",
      "resolved": "https://registry.npmjs.org/angular-chartist.js/-/angular-chartist.js-5.0.0-beta.2.tgz",
      "integrity": "sha512-xncqs8BIheGVI31hOPrES33gdgdqYphBiELQRpKND8ZiuisP2awBPHdNRaALGoNyL7J0VWD4a2dpXfvAR4g9nw=="
    },
    "chartist": {
      "version": "0.11.4",
      "resolved": "https://registry.npmjs.org/chartist/-/chartist-0.11.4.tgz",
      "integrity": "sha512-H4AimxaUD738/u9Mq8t27J4lh6STsLi4BQHt65nOtpLk3xyrBPaLiLMrHw7/WV9CmsjGA02WihjuL5qpSagLYw=="
    }
  }
}
